
Microsoft Visual Studio Solution File, Format Version 12.00
# Visual Studio Version 17
VisualStudioVersion = 17.0.31903.59
MinimumVisualStudioVersion = 10.0.40219.1
Project("{FAE04EC0-301F-11D3-BF4B-00C04F79EFBC}") = "Timtek.GitFlowVersioning", "src\Timtek.GitFlowVersioning\Timtek.GitFlowVersioning.csproj", "{811C17E5-AFE8-48B7-8BEA-F1B1E72FE83D}"
EndProject
Project("{FAE04EC0-301F-11D3-BF4B-00C04F79EFBC}") = "Timtek.GitFlowVersioning.Specs", "tests\Timtek.GitFlowVersioning.Specs\Timtek.GitFlowVersioning.Specs.csproj", "{C2C6FF03-05AD-4154-B7A7-E50AEE6C00F1}"
EndProject
Global
	GlobalSection(SolutionConfigurationPlatforms) = preSolution
		Debug|Any CPU = Debug|Any CPU
		Release|Any CPU = Release|Any CPU
	EndGlobalSection
	GlobalSection(ProjectConfigurationPlatforms) = postSolution
		{811C17E5-AFE8-48B7-8BEA-F1B1E72FE83D}.Debug|Any CPU.ActiveCfg = Debug|Any CPU
		{811C17E5-AFE8-48B7-8BEA-F1B1E72FE83D}.Debug|Any CPU.Build.0 = Debug|Any CPU
		{811C17E5-AFE8-48B7-8BEA-F1B1E72FE83D}.Release|Any CPU.ActiveCfg = Release|Any CPU
		{811C17E5-AFE8-48B7-8BEA-F1B1E72FE83D}.Release|Any CPU.Build.0 = Release|Any CPU
		{C2C6FF03-05AD-4154-B7A7-E50AEE6C00F1}.Debug|Any CPU.ActiveCfg = Debug|Any CPU
		{C2C6FF03-05AD-4154-B7A7-E50AEE6C00F1}.Debug|Any CPU.Build.0 = Debug|Any CPU
		{C2C6FF03-05AD-4154-B7A7-E50AEE6C00F1}.Release|Any CPU.ActiveCfg = Release|Any CPU
		{C2C6FF03-05AD-4154-B7A7-E50AEE6C00F1}.Release|Any CPU.Build.0 = Release|Any CPU
	EndGlobalSection
	GlobalSection(SolutionProperties) = preSolution
		HideSolutionNode = FALSE
	EndGlobalSection
EndGlobal
